
Microsoft Visual Studio Solution File, Format Version 12.00
# Visual Studio Version 17
VisualStudioVersion = 17.1.32319.34
MinimumVisualStudioVersion = 10.0.40219.1
Project("{888888A0-9F3D-457C-B088-3A5042F75D52}") = "ProjektAI", "ProjektAI\ProjektAI.pyproj", "{65E7D3F3-585D-40E8-A596-A154EB5DF277}"
EndProject
Global
	GlobalSection(SolutionConfigurationPlatforms) = preSolution
		Debug|Any CPU = Debug|Any CPU
		Release|Any CPU = Release|Any CPU
	EndGlobalSection
	GlobalSection(ProjectConfigurationPlatforms) = postSolution
		{65E7D3F3-585D-40E8-A596-A154EB5DF277}.Debug|Any CPU.ActiveCfg = Debug|Any CPU
		{65E7D3F3-585D-40E8-A596-A154EB5DF277}.Release|Any CPU.ActiveCfg = Release|Any CPU
	EndGlobalSection
	GlobalSection(SolutionProperties) = preSolution
		HideSolutionNode = FALSE
	EndGlobalSection
	GlobalSection(ExtensibilityGlobals) = postSolution
		SolutionGuid = {A22E23B1-CE36-467B-850F-6BC696F971D5}
	EndGlobalSection
EndGlobal
